
Microsoft Visual Studio Solution File, Format Version 12.00
# Visual Studio Version 17
VisualStudioVersion = 17.14.36915.13
MinimumVisualStudioVersion = 10.0.40219.1
Project("{2150E333-8FDC-42A3-9474-1A3956D46DE8}") = "src", "src", "{827E0CD3-B72D-47B6-A68D-7590B98EB39B}"
EndProject
Project("{FAE04EC0-301F-11D3-BF4B-00C04F79EFBC}") = "Library.Api", "src\Library.Api\Library.Api.csproj", "{ACA09E1F-6B0B-4033-896F-B86BEC080CC3}"
EndProject
Project("{2150E333-8FDC-42A3-9474-1A3956D46DE8}") = "Solution Items", "Solution Items", "{8EC462FD-D22E-90A8-E5CE-7E832BA40C5D}"
	ProjectSection(SolutionItems) = preProject
		.gitignore = .gitignore
	EndProjectSection
EndProject
Global
	GlobalSection(SolutionConfigurationPlatforms) = preSolution
		Debug|Any CPU = Debug|Any CPU
		Debug|x64 = Debug|x64
		Debug|x86 = Debug|x86
		Release|Any CPU = Release|Any CPU
		Release|x64 = Release|x64
		Release|x86 = Release|x86
	EndGlobalSection
	GlobalSection(ProjectConfigurationPlatforms) = postSolution
		{ACA09E1F-6B0B-4033-896F-B86BEC080CC3}.Debug|Any CPU.ActiveCfg = Debug|Any CPU
		{ACA09E1F-6B0B-4033-896F-B86BEC080CC3}.Debug|Any CPU.Build.0 = Debug|Any CPU
		{ACA09E1F-6B0B-4033-896F-B86BEC080CC3}.Debug|x64.ActiveCfg = Debug|Any CPU
		{ACA09E1F-6B0B-4033-896F-B86BEC080CC3}.Debug|x64.Build.0 = Debug|Any CPU
		{ACA09E1F-6B0B-4033-896F-B86BEC080CC3}.Debug|x86.ActiveCfg = Debug|Any CPU
		{ACA09E1F-6B0B-4033-896F-B86BEC080CC3}.Debug|x86.Build.0 = Debug|Any CPU
		{ACA09E1F-6B0B-4033-896F-B86BEC080CC3}.Release|Any CPU.ActiveCfg = Release|Any CPU
		{ACA09E1F-6B0B-4033-896F-B86BEC080CC3}.Release|Any CPU.Build.0 = Release|Any CPU
		{ACA09E1F-6B0B-4033-896F-B86BEC080CC3}.Release|x64.ActiveCfg = Release|Any CPU
		{ACA09E1F-6B0B-4033-896F-B86BEC080CC3}.Release|x64.Build.0 = Release|Any CPU
		{ACA09E1F-6B0B-4033-896F-B86BEC080CC3}.Release|x86.ActiveCfg = Release|Any CPU
		{ACA09E1F-6B0B-4033-896F-B86BEC080CC3}.Release|x86.Build.0 = Release|Any CPU
	EndGlobalSection
	GlobalSection(SolutionProperties) = preSolution
		HideSolutionNode = FALSE
	EndGlobalSection
	GlobalSection(NestedProjects) = preSolution
		{ACA09E1F-6B0B-4033-896F-B86BEC080CC3} = {827E0CD3-B72D-47B6-A68D-7590B98EB39B}
	EndGlobalSection
	GlobalSection(ExtensibilityGlobals) = postSolution
		SolutionGuid = {DE2B50D2-775F-43B4-BECA-82CB6BE48D63}
	EndGlobalSection
EndGlobal
